// !$*UTF8*$!
{
	archiveVersion = 1;
	classes = {
	};
	objectVersion = 50;
	objects = {

/* Begin PBXBuildFile section */
		C4CB296526037B6A0094DDCD /* CheckoutSwiftApp.swift in Sources */ = {isa = PBXBuildFile; fileRef = C4CB296426037B6A0094DDCD /* CheckoutSwiftApp.swift */; };
		C4CB296726037B6A0094DDCD /* ContentView.swift in Sources */ = {isa = PBXBuildFile; fileRef = C4CB296626037B6A0094DDCD /* ContentView.swift */; };
		C4CB296926037B6B0094DDCD /* Assets.xcassets in Resources */ = {isa = PBXBuildFile; fileRef = C4CB296826037B6B0094DDCD /* Assets.xcassets */; };
		C4CB296C26037B6B0094DDCD /* Preview Assets.xcassets in Resources */ = {isa = PBXBuildFile; fileRef = C4CB296B26037B6B0094DDCD /* Preview Assets.xcassets */; };
		C4CB297726037B6B0094DDCD /* CheckoutSwiftTests.swift in Sources */ = {isa = PBXBuildFile; fileRef = C4CB297626037B6B0094DDCD /* CheckoutSwiftTests.swift */; };
		C4CB298226037B6B0094DDCD /* CheckoutSwiftUITests.swift in Sources */ = {isa = PBXBuildFile; fileRef = C4CB298126037B6B0094DDCD /* CheckoutSwiftUITests.swift */; };
/* End PBXBuildFile section */

/* Begin PBXContainerItemProxy section */
		C4CB297326037B6B0094DDCD /* PBXContainerItemProxy */ = {
			isa = PBXContainerItemProxy;
			containerPortal = C4CB295926037B690094DDCD /* Project object */;
			proxyType = 1;
			remoteGlobalIDString = C4CB296026037B690094DDCD;
			remoteInfo = CheckoutSwift;
		};
		C4CB297E26037B6B0094DDCD /* PBXContainerItemProxy */ = {
			isa = PBXContainerItemProxy;
			containerPortal = C4CB295926037B690094DDCD /* Project object */;
			proxyType = 1;
			remoteGlobalIDString = C4CB296026037B690094DDCD;
			remoteInfo = CheckoutSwift;
		};
/* End PBXContainerItemProxy section */

/* Begin PBXFileReference section */
		C4CB296126037B6A0094DDCD /* CheckoutSwift.app */ = {isa = PBXFileReference; explicitFileType = wrapper.application; includeInIndex = 0; path = CheckoutSwift.app; sourceTree = BUILT_PRODUCTS_DIR; };
		C4CB296426037B6A0094DDCD /* CheckoutSwiftApp.swift */ = {isa = PBXFileReference; lastKnownFileType = sourcecode.swift; path = CheckoutSwiftApp.swift; sourceTree = "<group>"; };
		C4CB296626037B6A0094DDCD /* ContentView.swift */ = {isa = PBXFileReference; lastKnownFileType = sourcecode.swift; path = ContentView.swift; sourceTree = "<group>"; };
		C4CB296826037B6B0094DDCD /* Assets.xcassets */ = {isa = PBXFileReference; lastKnownFileType = folder.assetcatalog; path = Assets.xcassets; sourceTree = "<group>"; };
		C4CB296B26037B6B0094DDCD /* Preview Assets.xcassets */ = {isa = PBXFileReference; lastKnownFileType = folder.assetcatalog; path = "Preview Assets.xcassets"; sourceTree = "<group>"; };
		C4CB296D26037B6B0094DDCD /* Info.plist */ = {isa = PBXFileReference; lastKnownFileType = text.plist.xml; path = Info.plist; sourceTree = "<group>"; };
		C4CB297226037B6B0094DDCD /* CheckoutSwiftTests.xctest */ = {isa = PBXFileReference; explicitFileType = wrapper.cfbundle; includeInIndex = 0; path = CheckoutSwiftTests.xctest; sourceTree = BUILT_PRODUCTS_DIR; };
		C4CB297626037B6B0094DDCD /* CheckoutSwiftTests.swift */ = {isa = PBXFileReference; lastKnownFileType = sourcecode.swift; path = CheckoutSwiftTests.swift; sourceTree = "<group>"; };
		C4CB297826037B6B0094DDCD /* Info.plist */ = {isa = PBXFileReference; lastKnownFileType = text.plist.xml; path = Info.plist; sourceTree = "<group>"; };
		C4CB297D26037B6B0094DDCD /* CheckoutSwiftUITests.xctest */ = {isa = PBXFileReference; explicitFileType = wrapper.cfbundle; includeInIndex = 0; path = CheckoutSwiftUITests.xctest; sourceTree = BUILT_PRODUCTS_DIR; };
		C4CB298126037B6B0094DDCD /* CheckoutSwiftUITests.swift */ = {isa = PBXFileReference; lastKnownFileType = sourcecode.swift; path = CheckoutSwiftUITests.swift; sourceTree = "<group>"; };
		C4CB298326037B6B0094DDCD /* Info.plist */ = {isa = PBXFileReference; lastKnownFileType = text.plist.xml; path = Info.plist; sourceTree = "<group>"; };
/* End PBXFileReference section */

/* Begin PBXFrameworksBuildPhase section */
		C4CB295E26037B690094DDCD /* Frameworks */ = {
			isa = PBXFrameworksBuildPhase;
			buildActionMask = 2147483647;
			files = (
			);
			runOnlyForDeploymentPostprocessing = 0;
		};
		C4CB296F26037B6B0094DDCD /* Frameworks */ = {
			isa = PBXFrameworksBuildPhase;
			buildActionMask = 2147483647;
			files = (
			);
			runOnlyForDeploymentPostprocessing = 0;
		};
		C4CB297A26037B6B0094DDCD /* Frameworks */ = {
			isa = PBXFrameworksBuildPhase;
			buildActionMask = 2147483647;
			files = (
			);
			runOnlyForDeploymentPostprocessing = 0;
		};
/* End PBXFrameworksBuildPhase section */

/* Begin PBXGroup section */
		C4CB295826037B690094DDCD = {
			isa = PBXGroup;
			children = (
				C4CB296326037B6A0094DDCD /* CheckoutSwift */,
				C4CB297526037B6B0094DDCD /* CheckoutSwiftTests */,
				C4CB298026037B6B0094DDCD /* CheckoutSwiftUITests */,
				C4CB296226037B6A0094DDCD /* Products */,
			);
			sourceTree = "<group>";
		};
		C4CB296226037B6A0094DDCD /* Products */ = {
			isa = PBXGroup;
			children = (
				C4CB296126037B6A0094DDCD /* CheckoutSwift.app */,
				C4CB297226037B6B0094DDCD /* CheckoutSwiftTests.xctest */,
				C4CB297D26037B6B0094DDCD /* CheckoutSwiftUITests.xctest */,
			);
			name = Products;
			sourceTree = "<group>";
		};
		C4CB296326037B6A0094DDCD /* CheckoutSwift */ = {
			isa = PBXGroup;
			children = (
				C4CB296426037B6A0094DDCD /* CheckoutSwiftApp.swift */,
				C4CB296626037B6A0094DDCD /* ContentView.swift */,
				C4CB296826037B6B0094DDCD /* Assets.xcassets */,
				C4CB296D26037B6B0094DDCD /* Info.plist */,
				C4CB296A26037B6B0094DDCD /* Preview Content */,
			);
			path = CheckoutSwift;
			sourceTree = "<group>";
		};
		C4CB296A26037B6B0094DDCD /* Preview Content */ = {
			isa = PBXGroup;
			children = (
				C4CB296B26037B6B0094DDCD /* Preview Assets.xcassets */,
			);
			path = "Preview Content";
			sourceTree = "<group>";
		};
		C4CB297526037B6B0094DDCD /* CheckoutSwiftTests */ = {
			isa = PBXGroup;
			children = (
				C4CB297626037B6B0094DDCD /* CheckoutSwiftTests.swift */,
				C4CB297826037B6B0094DDCD /* Info.plist */,
			);
			path = CheckoutSwiftTests;
			sourceTree = "<group>";
		};
		C4CB298026037B6B0094DDCD /* CheckoutSwiftUITests */ = {
			isa = PBXGroup;
			children = (
				C4CB298126037B6B0094DDCD /* CheckoutSwiftUITests.swift */,
				C4CB298326037B6B0094DDCD /* Info.plist */,
			);
			path = CheckoutSwiftUITests;
			sourceTree = "<group>";
		};
/* End PBXGroup section */

/* Begin PBXNativeTarget section */
		C4CB296026037B690094DDCD /* CheckoutSwift */ = {
			isa = PBXNativeTarget;
			buildConfigurationList = C4CB298626037B6B0094DDCD /* Build configuration list for PBXNativeTarget "CheckoutSwift" */;
			buildPhases = (
				C4CB295D26037B690094DDCD /* Sources */,
				C4CB295E26037B690094DDCD /* Frameworks */,
				C4CB295F26037B690094DDCD /* Resources */,
			);
			buildRules = (
			);
			dependencies = (
			);
			name = CheckoutSwift;
			productName = CheckoutSwift;
			productReference = C4CB296126037B6A0094DDCD /* CheckoutSwift.app */;
			productType = "com.apple.product-type.application";
		};
		C4CB297126037B6B0094DDCD /* CheckoutSwiftTests */ = {
			isa = PBXNativeTarget;
			buildConfigurationList = C4CB298926037B6B0094DDCD /* Build configuration list for PBXNativeTarget "CheckoutSwiftTests" */;
			buildPhases = (
				C4CB296E26037B6B0094DDCD /* Sources */,
				C4CB296F26037B6B0094DDCD /* Frameworks */,
				C4CB297026037B6B0094DDCD /* Resources */,
			);
			buildRules = (
			);
			dependencies = (
				C4CB297426037B6B0094DDCD /* PBXTargetDependency */,
			);
			name = CheckoutSwiftTests;
			productName = CheckoutSwiftTests;
			productReference = C4CB297226037B6B0094DDCD /* CheckoutSwiftTests.xctest */;
			productType = "com.apple.product-type.bundle.unit-test";
		};
		C4CB297C26037B6B0094DDCD /* CheckoutSwiftUITests */ = {
			isa = PBXNativeTarget;
			buildConfigurationList = C4CB298C26037B6B0094DDCD /* Build configuration list for PBXNativeTarget "CheckoutSwiftUITests" */;
			buildPhases = (
				C4CB297926037B6B0094DDCD /* Sources */,
				C4CB297A26037B6B0094DDCD /* Frameworks */,
				C4CB297B26037B6B0094DDCD /* Resources */,
			);
			buildRules = (
			);
			dependencies = (
				C4CB297F26037B6B0094DDCD /* PBXTargetDependency */,
			);
			name = CheckoutSwiftUITests;
			productName = CheckoutSwiftUITests;
			productReference = C4CB297D26037B6B0094DDCD /* CheckoutSwiftUITests.xctest */;
			productType = "com.apple.product-type.bundle.ui-testing";
		};
/* End PBXNativeTarget section */

/* Begin PBXProject section */
		C4CB295926037B690094DDCD /* Project object */ = {
			isa = PBXProject;
			attributes = {
				LastSwiftUpdateCheck = 1240;
				LastUpgradeCheck = 1240;
				TargetAttributes = {
					C4CB296026037B690094DDCD = {
						CreatedOnToolsVersion = 12.4;
					};
					C4CB297126037B6B0094DDCD = {
						CreatedOnToolsVersion = 12.4;
						TestTargetID = C4CB296026037B690094DDCD;
					};
					C4CB297C26037B6B0094DDCD = {
						CreatedOnToolsVersion = 12.4;
						TestTargetID = C4CB296026037B690094DDCD;
					};
				};
			};
			buildConfigurationList = C4CB295C26037B690094DDCD /* Build configuration list for PBXProject "CheckoutSwift" */;
			compatibilityVersion = "Xcode 9.3";
			developmentRegion = en;
			hasScannedForEncodings = 0;
			knownRegions = (
				en,
				Base,
			);
			mainGroup = C4CB295826037B690094DDCD;
			productRefGroup = C4CB296226037B6A0094DDCD /* Products */;
			projectDirPath = "";
			projectRoot = "";
			targets = (
				C4CB296026037B690094DDCD /* CheckoutSwift */,
				C4CB297126037B6B0094DDCD /* CheckoutSwiftTests */,
				C4CB297C26037B6B0094DDCD /* CheckoutSwiftUITests */,
			);
		};
/* End PBXProject section */

/* Begin PBXResourcesBuildPhase section */
		C4CB295F26037B690094DDCD /* Resources */ = {
			isa = PBXResourcesBuildPhase;
			buildActionMask = 2147483647;
			files = (
				C4CB296C26037B6B0094DDCD /* Preview Assets.xcassets in Resources */,
				C4CB296926037B6B0094DDCD /* Assets.xcassets in Resources */,
			);
			runOnlyForDeploymentPostprocessing = 0;
		};
		C4CB297026037B6B0094DDCD /* Resources */ = {
			isa = PBXResourcesBuildPhase;
			buildActionMask = 2147483647;
			files = (
			);
			runOnlyForDeploymentPostprocessing = 0;
		};
		C4CB297B26037B6B0094DDCD /* Resources */ = {
			isa = PBXResourcesBuildPhase;
			buildActionMask = 2147483647;
			files = (
			);
			runOnlyForDeploymentPostprocessing = 0;
		};
/* End PBXResourcesBuildPhase section */

/* Begin PBXSourcesBuildPhase section */
		C4CB295D26037B690094DDCD /* Sources */ = {
			isa = PBXSourcesBuildPhase;
			buildActionMask = 2147483647;
			files = (
				C4CB296726037B6A0094DDCD /* ContentView.swift in Sources */,
				C4CB296526037B6A0094DDCD /* CheckoutSwiftApp.swift in Sources */,
			);
			runOnlyForDeploymentPostprocessing = 0;
		};
		C4CB296E26037B6B0094DDCD /* Sources */ = {
			isa = PBXSourcesBuildPhase;
			buildActionMask = 2147483647;
			files = (
				C4CB297726037B6B0094DDCD /* CheckoutSwiftTests.swift in Sources */,
			);
			runOnlyForDeploymentPostprocessing = 0;
		};
		C4CB297926037B6B0094DDCD /* Sources */ = {
			isa = PBXSourcesBuildPhase;
			buildActionMask = 2147483647;
			files = (
				C4CB298226037B6B0094DDCD /* CheckoutSwiftUITests.swift in Sources */,
			);
			runOnlyForDeploymentPostprocessing = 0;
		};
/* End PBXSourcesBuildPhase section */

/* Begin PBXTargetDependency section */
		C4CB297426037B6B0094DDCD /* PBXTargetDependency */ = {
			isa = PBXTargetDependency;
			target = C4CB296026037B690094DDCD /* CheckoutSwift */;
			targetProxy = C4CB297326037B6B0094DDCD /* PBXContainerItemProxy */;
		};
		C4CB297F26037B6B0094DDCD /* PBXTargetDependency */ = {
			isa = PBXTargetDependency;
			target = C4CB296026037B690094DDCD /* CheckoutSwift */;
			targetProxy = C4CB297E26037B6B0094DDCD /* PBXContainerItemProxy */;
		};
/* End PBXTargetDependency section */

/* Begin XCBuildConfiguration section */
		C4CB298426037B6B0094DDCD /* Debug */ = {
			isa = XCBuildConfiguration;
			buildSettings = {
				ALWAYS_SEARCH_USER_PATHS = NO;
				CLANG_ANALYZER_NONNULL = YES;
				CLANG_ANALYZER_NUMBER_OBJECT_CONVERSION = YES_AGGRESSIVE;
				CLANG_CXX_LANGUAGE_STANDARD = "gnu++14";
				CLANG_CXX_LIBRARY = "libc++";
				CLANG_ENABLE_MODULES = YES;
				CLANG_ENABLE_OBJC_ARC = YES;
				CLANG_ENABLE_OBJC_WEAK = YES;
				CLANG_WARN_BLOCK_CAPTURE_AUTORELEASING = YES;
				CLANG_WARN_BOOL_CONVERSION = YES;
				CLANG_WARN_COMMA = YES;
				CLANG_WARN_CONSTANT_CONVERSION = YES;
				CLANG_WARN_DEPRECATED_OBJC_IMPLEMENTATIONS = YES;
				CLANG_WARN_DIRECT_OBJC_ISA_USAGE = YES_ERROR;
				CLANG_WARN_DOCUMENTATION_COMMENTS = YES;
				CLANG_WARN_EMPTY_BODY = YES;
				CLANG_WARN_ENUM_CONVERSION = YES;
				CLANG_WARN_INFINITE_RECURSION = YES;
				CLANG_WARN_INT_CONVERSION = YES;
				CLANG_WARN_NON_LITERAL_NULL_CONVERSION = YES;
				CLANG_WARN_OBJC_IMPLICIT_RETAIN_SELF = YES;
				CLANG_WARN_OBJC_LITERAL_CONVERSION = YES;
				CLANG_WARN_OBJC_ROOT_CLASS = YES_ERROR;
				CLANG_WARN_QUOTED_INCLUDE_IN_FRAMEWORK_HEADER = YES;
				CLANG_WARN_RANGE_LOOP_ANALYSIS = YES;
				CLANG_WARN_STRICT_PROTOTYPES = YES;
				CLANG_WARN_SUSPICIOUS_MOVE = YES;
				CLANG_WARN_UNGUARDED_AVAILABILITY = YES_AGGRESSIVE;
				CLANG_WARN_UNREACHABLE_CODE = YES;
				CLANG_WARN__DUPLICATE_METHOD_MATCH = YES;
				COPY_PHASE_STRIP = NO;
				DEBUG_INFORMATION_FORMAT = dwarf;
				ENABLE_STRICT_OBJC_MSGSEND = YES;
				ENABLE_TESTABILITY = YES;
				GCC_C_LANGUAGE_STANDARD = gnu11;
				GCC_DYNAMIC_NO_PIC = NO;
				GCC_NO_COMMON_BLOCKS = YES;
				GCC_OPTIMIZATION_LEVEL = 0;
				GCC_PREPROCESSOR_DEFINITIONS = (
					"DEBUG=1",
					"$(inherited)",
				);
				GCC_WARN_64_TO_32_BIT_CONVERSION = YES;
				GCC_WARN_ABOUT_RETURN_TYPE = YES_ERROR;
				GCC_WARN_UNDECLARED_SELECTOR = YES;
				GCC_WARN_UNINITIALIZED_AUTOS = YES_AGGRESSIVE;
				GCC_WARN_UNUSED_FUNCTION = YES;
				GCC_WARN_UNUSED_VARIABLE = YES;
				IPHONEOS_DEPLOYMENT_TARGET = 14.4;
				MTL_ENABLE_DEBUG_INFO = INCLUDE_SOURCE;
				MTL_FAST_MATH = YES;
				ONLY_ACTIVE_ARCH = YES;
				SDKROOT = iphoneos;
				SWIFT_ACTIVE_COMPILATION_CONDITIONS = DEBUG;
				SWIFT_OPTIMIZATION_LEVEL = "-Onone";
			};
			name = Debug;
		};
		C4CB298526037B6B0094DDCD /* Release */ = {
			isa = XCBuildConfiguration;
			buildSettings = {
				ALWAYS_SEARCH_USER_PATHS = NO;
				CLANG_ANALYZER_NONNULL = YES;
				CLANG_ANALYZER_NUMBER_OBJECT_CONVERSION = YES_AGGRESSIVE;
				CLANG_CXX_LANGUAGE_STANDARD = "gnu++14";
				CLANG_CXX_LIBRARY = "libc++";
				CLANG_ENABLE_MODULES = YES;
				CLANG_ENABLE_OBJC_ARC = YES;
				CLANG_ENABLE_OBJC_WEAK = YES;
				CLANG_WARN_BLOCK_CAPTURE_AUTORELEASING = YES;
				CLANG_WARN_BOOL_CONVERSION = YES;
				CLANG_WARN_COMMA = YES;
				CLANG_WARN_CONSTANT_CONVERSION = YES;
				CLANG_WARN_DEPRECATED_OBJC_IMPLEMENTATIONS = YES;
				CLANG_WARN_DIRECT_OBJC_ISA_USAGE = YES_ERROR;
				CLANG_WARN_DOCUMENTATION_COMMENTS = YES;
				CLANG_WARN_EMPTY_BODY = YES;
				CLANG_WARN_ENUM_CONVERSION = YES;
				CLANG_WARN_INFINITE_RECURSION = YES;
				CLANG_WARN_INT_CONVERSION = YES;
				CLANG_WARN_NON_LITERAL_NULL_CONVERSION = YES;
				CLANG_WARN_OBJC_IMPLICIT_RETAIN_SELF = YES;
				CLANG_WARN_OBJC_LITERAL_CONVERSION = YES;
				CLANG_WARN_OBJC_ROOT_CLASS = YES_ERROR;
				CLANG_WARN_QUOTED_INCLUDE_IN_FRAMEWORK_HEADER = YES;
				CLANG_WARN_RANGE_LOOP_ANALYSIS = YES;
				CLANG_WARN_STRICT_PROTOTYPES = YES;
				CLANG_WARN_SUSPICIOUS_MOVE = YES;
				CLANG_WARN_UNGUARDED_AVAILABILITY = YES_AGGRESSIVE;
				CLANG_WARN_UNREACHABLE_CODE = YES;
				CLANG_WARN__DUPLICATE_METHOD_MATCH = YES;
				COPY_PHASE_STRIP = NO;
				DEBUG_INFORMATION_FORMAT = "dwarf-with-dsym";
				ENABLE_NS_ASSERTIONS = NO;
				ENABLE_STRICT_OBJC_MSGSEND = YES;
				GCC_C_LANGUAGE_STANDARD = gnu11;
				GCC_NO_COMMON_BLOCKS = YES;
				GCC_WARN_64_TO_32_BIT_CONVERSION = YES;
				GCC_WARN_ABOUT_RETURN_TYPE = YES_ERROR;
				GCC_WARN_UNDECLARED_SELECTOR = YES;
				GCC_WARN_UNINITIALIZED_AUTOS = YES_AGGRESSIVE;
				GCC_WARN_UNUSED_FUNCTION = YES;
				GCC_WARN_UNUSED_VARIABLE = YES;
				IPHONEOS_DEPLOYMENT_TARGET = 14.4;
				MTL_ENABLE_DEBUG_INFO = NO;
				MTL_FAST_MATH = YES;
				SDKROOT = iphoneos;
				SWIFT_COMPILATION_MODE = wholemodule;
				SWIFT_OPTIMIZATION_LEVEL = "-O";
				VALIDATE_PRODUCT = YES;
			};
			name = Release;
		};
		C4CB298726037B6B0094DDCD /* Debug */ = {
			isa = XCBuildConfiguration;
			buildSettings = {
				ASSETCATALOG_COMPILER_APPICON_NAME = AppIcon;
				ASSETCATALOG_COMPILER_GLOBAL_ACCENT_COLOR_NAME = AccentColor;
				CODE_SIGN_STYLE = Automatic;
				DEVELOPMENT_ASSET_PATHS = "\"CheckoutSwift/Preview Content\"";
				DEVELOPMENT_TEAM = Y94LCQ3K8B;
				ENABLE_PREVIEWS = YES;
				INFOPLIST_FILE = CheckoutSwift/Info.plist;
				IPHONEOS_DEPLOYMENT_TARGET = 14.0;
				LD_RUNPATH_SEARCH_PATHS = (
					"$(inherited)",
					"@executable_path/Frameworks",
				);
				PRODUCT_BUNDLE_IDENTIFIER = me.CheckoutSwift;
				PRODUCT_NAME = "$(TARGET_NAME)";
				SWIFT_VERSION = 5.0;
				TARGETED_DEVICE_FAMILY = "1,2";
			};
			name = Debug;
		};
		C4CB298826037B6B0094DDCD /* Release */ = {
			isa = XCBuildConfiguration;
			buildSettings = {
				ASSETCATALOG_COMPILER_APPICON_NAME = AppIcon;
				ASSETCATALOG_COMPILER_GLOBAL_ACCENT_COLOR_NAME = AccentColor;
				CODE_SIGN_STYLE = Automatic;
				DEVELOPMENT_ASSET_PATHS = "\"CheckoutSwift/Preview Content\"";
				DEVELOPMENT_TEAM = Y94LCQ3K8B;
				ENABLE_PREVIEWS = YES;
				INFOPLIST_FILE = CheckoutSwift/Info.plist;
				IPHONEOS_DEPLOYMENT_TARGET = 14.0;
				LD_RUNPATH_SEARCH_PATHS = (
					"$(inherited)",
					"@executable_path/Frameworks",
				);
				PRODUCT_BUNDLE_IDENTIFIER = me.CheckoutSwift;
				PRODUCT_NAME = "$(TARGET_NAME)";
				SWIFT_VERSION = 5.0;
				TARGETED_DEVICE_FAMILY = "1,2";
			};
			name = Release;
		};
		C4CB298A26037B6B0094DDCD /* Debug */ = {
			isa = XCBuildConfiguration;
			buildSettings = {
				ALWAYS_EMBED_SWIFT_STANDARD_LIBRARIES = YES;
				BUNDLE_LOADER = "$(TEST_HOST)";
				CODE_SIGN_STYLE = Automatic;
				DEVELOPMENT_TEAM = Y94LCQ3K8B;
				INFOPLIST_FILE = CheckoutSwiftTests/Info.plist;
				IPHONEOS_DEPLOYMENT_TARGET = 14.0;
				LD_RUNPATH_SEARCH_PATHS = (
					"$(inherited)",
					"@executable_path/Frameworks",
					"@loader_path/Frameworks",
				);
				PRODUCT_BUNDLE_IDENTIFIER = me.CheckoutSwiftTests;
				PRODUCT_NAME = "$(TARGET_NAME)";
				SWIFT_VERSION = 5.0;
				TARGETED_DEVICE_FAMILY = "1,2";
				TEST_HOST = "$(BUILT_PRODUCTS_DIR)/CheckoutSwift.app/CheckoutSwift";
			};
			name = Debug;
		};
		C4CB298B26037B6B0094DDCD /* Release */ = {
			isa = XCBuildConfiguration;
			buildSettings = {
				ALWAYS_EMBED_SWIFT_STANDARD_LIBRARIES = YES;
				BUNDLE_LOADER = "$(TEST_HOST)";
				CODE_SIGN_STYLE = Automatic;
				DEVELOPMENT_TEAM = Y94LCQ3K8B;
				INFOPLIST_FILE = CheckoutSwiftTests/Info.plist;
				IPHONEOS_DEPLOYMENT_TARGET = 14.0;
				LD_RUNPATH_SEARCH_PATHS = (
					"$(inherited)",
					"@executable_path/Frameworks",
					"@loader_path/Frameworks",
				);
				PRODUCT_BUNDLE_IDENTIFIER = me.CheckoutSwiftTests;
				PRODUCT_NAME = "$(TARGET_NAME)";
				SWIFT_VERSION = 5.0;
				TARGETED_DEVICE_FAMILY = "1,2";
				TEST_HOST = "$(BUILT_PRODUCTS_DIR)/CheckoutSwift.app/CheckoutSwift";
			};
			name = Release;
		};
		C4CB298D26037B6B0094DDCD /* Debug */ = {
			isa = XCBuildConfiguration;
			buildSettings = {
				ALWAYS_EMBED_SWIFT_STANDARD_LIBRARIES = YES;
				CODE_SIGN_STYLE = Automatic;
				DEVELOPMENT_TEAM = Y94LCQ3K8B;
				INFOPLIST_FILE = CheckoutSwiftUITests/Info.plist;
				LD_RUNPATH_SEARCH_PATHS = (
					"$(inherited)",
					"@executable_path/Frameworks",
					"@loader_path/Frameworks",
				);
				PRODUCT_BUNDLE_IDENTIFIER = me.CheckoutSwiftUITests;
				PRODUCT_NAME = "$(TARGET_NAME)";
				SWIFT_VERSION = 5.0;
				TARGETED_DEVICE_FAMILY = "1,2";
				TEST_TARGET_NAME = CheckoutSwift;
			};
			name = Debug;
		};
		C4CB298E26037B6B0094DDCD /* Release */ = {
			isa = XCBuildConfiguration;
			buildSettings = {
				ALWAYS_EMBED_SWIFT_STANDARD_LIBRARIES = YES;
				CODE_SIGN_STYLE = Automatic;
				DEVELOPMENT_TEAM = Y94LCQ3K8B;
				INFOPLIST_FILE = CheckoutSwiftUITests/Info.plist;
				LD_RUNPATH_SEARCH_PATHS = (
					"$(inherited)",
					"@executable_path/Frameworks",
					"@loader_path/Frameworks",
				);
				PRODUCT_BUNDLE_IDENTIFIER = me.CheckoutSwiftUITests;
				PRODUCT_NAME = "$(TARGET_NAME)";
				SWIFT_VERSION = 5.0;
				TARGETED_DEVICE_FAMILY = "1,2";
				TEST_TARGET_NAME = CheckoutSwift;
			};
			name = Release;
		};
/* End XCBuildConfiguration section */

/* Begin XCConfigurationList section */
		C4CB295C26037B690094DDCD /* Build configuration list for PBXProject "CheckoutSwift" */ = {
			isa = XCConfigurationList;
			buildConfigurations = (
				C4CB298426037B6B0094DDCD /* Debug */,
				C4CB298526037B6B0094DDCD /* Release */,
			);
			defaultConfigurationIsVisible = 0;
			defaultConfigurationName = Release;
		};
		C4CB298626037B6B0094DDCD /* Build configuration list for PBXNativeTarget "CheckoutSwift" */ = {
			isa = XCConfigurationList;
			buildConfigurations = (
				C4CB298726037B6B0094DDCD /* Debug */,
				C4CB298826037B6B0094DDCD /* Release */,
			);
			defaultConfigurationIsVisible = 0;
			defaultConfigurationName = Release;
		};
		C4CB298926037B6B0094DDCD /* Build configuration list for PBXNativeTarget "CheckoutSwiftTests" */ = {
			isa = XCConfigurationList;
			buildConfigurations = (
				C4CB298A26037B6B0094DDCD /* Debug */,
				C4CB298B26037B6B0094DDCD /* Release */,
			);
			defaultConfigurationIsVisible = 0;
			defaultConfigurationName = Release;
		};
		C4CB298C26037B6B0094DDCD /* Build configuration list for PBXNativeTarget "CheckoutSwiftUITests" */ = {
			isa = XCConfigurationList;
			buildConfigurations = (
				C4CB298D26037B6B0094DDCD /* Debug */,
				C4CB298E26037B6B0094DDCD /* Release */,
			);
			defaultConfigurationIsVisible = 0;
			defaultConfigurationName = Release;
		};
/* End XCConfigurationList section */
	};
	rootObject = C4CB295926037B690094DDCD /* Project object */;
}
